// !$*UTF8*$!
{
	archiveVersion = 1;
	classes = {
	};
	objectVersion = 77;
	objects = {

/* Begin PBXBuildFile section */
		BF2A0001A0213E47009EAE85 /* Supabase in Frameworks */ = {isa = PBXBuildFile; productRef = BF2A0002A0213E47009EAE85 /* Supabase */; };
/* End PBXBuildFile section */

/* Begin PBXContainerItemProxy section */
		BF1149C330213E47009EAE85 /* PBXContainerItemProxy */ = {
			isa = PBXContainerItemProxy;
			containerPortal = BF1149AD30213E46009EAE85 /* Project object */;
			proxyType = 1;
			remoteGlobalIDString = BF1149B430213E46009EAE85;
			remoteInfo = RootsFitness;
		};
		BF1149CD30213E47009EAE85 /* PBXContainerItemProxy */ = {
			isa = PBXContainerItemProxy;
			containerPortal = BF1149AD30213E46009EAE85 /* Project object */;
			proxyType = 1;
			remoteGlobalIDString = BF1149B430213E46009EAE85;
			remoteInfo = RootsFitness;
		};
/* End PBXContainerItemProxy section */

/* Begin PBXFileReference section */
		BF1149B530213E46009EAE85 /* RootsFitness.app */ = {isa = PBXFileReference; explicitFileType = wrapper.application; includeInIndex = 0; path = RootsFitness.app; sourceTree = BUILT_PRODUCTS_DIR; };
		BF1149C230213E47009EAE85 /* RootsFitnessTests.xctest */ = {isa = PBXFileReference; explicitFileType = wrapper.cfbundle; includeInIndex = 0; path = RootsFitnessTests.xctest; sourceTree = BUILT_PRODUCTS_DIR; };
		BF1149CC30213E47009EAE85 /* RootsFitnessUITests.xctest */ = {isa = PBXFileReference; explicitFileType = wrapper.cfbundle; includeInIndex = 0; path = RootsFitnessUITests.xctest; sourceTree = BUILT_PRODUCTS_DIR; };
		BF2A0004A0213E47009EAE85 /* Secrets.xcconfig */ = {isa = PBXFileReference; lastKnownFileType = text.xcconfig; name = Secrets.xcconfig; path = RootsFitness/App/Secrets.xcconfig; sourceTree = "<group>"; };
/* End PBXFileReference section */

/* Begin PBXFileSystemSynchronizedBuildFileExceptionSet section */
		BF2A0005A0213E47009EAE85 /* Exceptions for "RootsFitness" folder in "RootsFitness" target */ = {
			isa = PBXFileSystemSynchronizedBuildFileExceptionSet;
			membershipExceptions = (
				Info.plist,
			);
			target = BF1149B430213E46009EAE85 /* RootsFitness */;
		};
/* End PBXFileSystemSynchronizedBuildFileExceptionSet section */

/* Begin PBXFileSystemSynchronizedRootGroup section */
		BF1149B730213E46009EAE85 /* RootsFitness */ = {
			isa = PBXFileSystemSynchronizedRootGroup;
			exceptions = (
				BF2A0005A0213E47009EAE85 /* Exceptions for "RootsFitness" folder in "RootsFitness" target */,
			);
			path = RootsFitness;
			sourceTree = "<group>";
		};
		BF1149C530213E47009EAE85 /* RootsFitnessTests */ = {
			isa = PBXFileSystemSynchronizedRootGroup;
			path = RootsFitnessTests;
			sourceTree = "<group>";
		};
		BF1149CF30213E47009EAE85 /* RootsFitnessUITests */ = {
			isa = PBXFileSystemSynchronizedRootGroup;
			path = RootsFitnessUITests;
			sourceTree = "<group>";
		};
/* End PBXFileSystemSynchronizedRootGroup section */

/* Begin PBXFrameworksBuildPhase section */
		BF1149B230213E46009EAE85 /* Frameworks */ = {
			isa = PBXFrameworksBuildPhase;
			buildActionMask = 2147483647;
			files = (
				BF2A0001A0213E47009EAE85 /* Supabase in Frameworks */,
			);
			runOnlyForDeploymentPostprocessing = 0;
		};
		BF1149BF30213E47009EAE85 /* Frameworks */ = {
			isa = PBXFrameworksBuildPhase;
			buildActionMask = 2147483647;
			files = (
			);
			runOnlyForDeploymentPostprocessing = 0;
		};
		BF1149C930213E47009EAE85 /* Frameworks */ = {
			isa = PBXFrameworksBuildPhase;
			buildActionMask = 2147483647;
			files = (
			);
			runOnlyForDeploymentPostprocessing = 0;
		};
/* End PBXFrameworksBuildPhase section */

/* Begin PBXGroup section */
		BF1149AC30213E46009EAE85 = {
			isa = PBXGroup;
			children = (
				BF2A0004A0213E47009EAE85 /* Secrets.xcconfig */,
				BF1149B730213E46009EAE85 /* RootsFitness */,
				BF1149C530213E47009EAE85 /* RootsFitnessTests */,
				BF1149CF30213E47009EAE85 /* RootsFitnessUITests */,
				BF1149B630213E46009EAE85 /* Products */,
			);
			sourceTree = "<group>";
		};
		BF1149B630213E46009EAE85 /* Products */ = {
			isa = PBXGroup;
			children = (
				BF1149B530213E46009EAE85 /* RootsFitness.app */,
				BF1149C230213E47009EAE85 /* RootsFitnessTests.xctest */,
				BF1149CC30213E47009EAE85 /* RootsFitnessUITests.xctest */,
			);
			name = Products;
			sourceTree = "<group>";
		};
/* End PBXGroup section */

/* Begin PBXNativeTarget section */
		BF1149B430213E46009EAE85 /* RootsFitness */ = {
			isa = PBXNativeTarget;
			buildConfigurationList = BF1149D630213E47009EAE85 /* Build configuration list for PBXNativeTarget "RootsFitness" */;
			buildPhases = (
				BF1149B130213E46009EAE85 /* Sources */,
				BF1149B230213E46009EAE85 /* Frameworks */,
				BF1149B330213E46009EAE85 /* Resources */,
			);
			buildRules = (
			);
			dependencies = (
			);
			fileSystemSynchronizedGroups = (
				BF1149B730213E46009EAE85 /* RootsFitness */,
			);
			name = RootsFitness;
			packageProductDependencies = (
				BF2A0002A0213E47009EAE85 /* Supabase */,
			);
			productName = RootsFitness;
			productReference = BF1149B530213E46009EAE85 /* RootsFitness.app */;
			productType = "com.apple.product-type.application";
		};
		BF1149C130213E47009EAE85 /* RootsFitnessTests */ = {
			isa = PBXNativeTarget;
			buildConfigurationList = BF1149D930213E47009EAE85 /* Build configuration list for PBXNativeTarget "RootsFitnessTests" */;
			buildPhases = (
				BF1149BE30213E47009EAE85 /* Sources */,
				BF1149BF30213E47009EAE85 /* Frameworks */,
				BF1149C030213E47009EAE85 /* Resources */,
			);
			buildRules = (
			);
			dependencies = (
				BF1149C430213E47009EAE85 /* PBXTargetDependency */,
			);
			fileSystemSynchronizedGroups = (
				BF1149C530213E47009EAE85 /* RootsFitnessTests */,
			);
			name = RootsFitnessTests;
			packageProductDependencies = (
			);
			productName = RootsFitnessTests;
			productReference = BF1149C230213E47009EAE85 /* RootsFitnessTests.xctest */;
			productType = "com.apple.product-type.bundle.unit-test";
		};
		BF1149CB30213E47009EAE85 /* RootsFitnessUITests */ = {
			isa = PBXNativeTarget;
			buildConfigurationList = BF1149DC30213E47009EAE85 /* Build configuration list for PBXNativeTarget "RootsFitnessUITests" */;
			buildPhases = (
				BF1149C830213E47009EAE85 /* Sources */,
				BF1149C930213E47009EAE85 /* Frameworks */,
				BF1149CA30213E47009EAE85 /* Resources */,
			);
			buildRules = (
			);
			dependencies = (
				BF1149CE30213E47009EAE85 /* PBXTargetDependency */,
			);
			fileSystemSynchronizedGroups = (
				BF1149CF30213E47009EAE85 /* RootsFitnessUITests */,
			);
			name = RootsFitnessUITests;
			packageProductDependencies = (
			);
			productName = RootsFitnessUITests;
			productReference = BF1149CC30213E47009EAE85 /* RootsFitnessUITests.xctest */;
			productType = "com.apple.product-type.bundle.ui-testing";
		};
/* End PBXNativeTarget section */

/* Begin PBXProject section */
		BF1149AD30213E46009EAE85 /* Project object */ = {
			isa = PBXProject;
			attributes = {
				BuildIndependentTargetsInParallel = 1;
				LastSwiftUpdateCheck = 2660;
				LastUpgradeCheck = 2660;
				TargetAttributes = {
					BF1149B430213E46009EAE85 = {
						CreatedOnToolsVersion = 26.6;
					};
					BF1149C130213E47009EAE85 = {
						CreatedOnToolsVersion = 26.6;
						TestTargetID = BF1149B430213E46009EAE85;
					};
					BF1149CB30213E47009EAE85 = {
						CreatedOnToolsVersion = 26.6;
						TestTargetID = BF1149B430213E46009EAE85;
					};
				};
			};
			buildConfigurationList = BF1149B030213E46009EAE85 /* Build configuration list for PBXProject "RootsFitness" */;
			developmentRegion = en;
			hasScannedForEncodings = 0;
			knownRegions = (
				en,
				Base,
			);
			mainGroup = BF1149AC30213E46009EAE85;
			minimizedProjectReferenceProxies = 1;
			packageReferences = (
				BF2A0003A0213E47009EAE85 /* XCRemoteSwiftPackageReference "supabase-swift" */,
			);
			preferredProjectObjectVersion = 77;
			productRefGroup = BF1149B630213E46009EAE85 /* Products */;
			projectDirPath = "";
			projectRoot = "";
			targets = (
				BF1149B430213E46009EAE85 /* RootsFitness */,
				BF1149C130213E47009EAE85 /* RootsFitnessTests */,
				BF1149CB30213E47009EAE85 /* RootsFitnessUITests */,
			);
		};
/* End PBXProject section */

/* Begin PBXResourcesBuildPhase section */
		BF1149B330213E46009EAE85 /* Resources */ = {
			isa = PBXResourcesBuildPhase;
			buildActionMask = 2147483647;
			files = (
			);
			runOnlyForDeploymentPostprocessing = 0;
		};
		BF1149C030213E47009EAE85 /* Resources */ = {
			isa = PBXResourcesBuildPhase;
			buildActionMask = 2147483647;
			files = (
			);
			runOnlyForDeploymentPostprocessing = 0;
		};
		BF1149CA30213E47009EAE85 /* Resources */ = {
			isa = PBXResourcesBuildPhase;
			buildActionMask = 2147483647;
			files = (
			);
			runOnlyForDeploymentPostprocessing = 0;
		};
/* End PBXResourcesBuildPhase section */

/* Begin PBXSourcesBuildPhase section */
		BF1149B130213E46009EAE85 /* Sources */ = {
			isa = PBXSourcesBuildPhase;
			buildActionMask = 2147483647;
			files = (
			);
			runOnlyForDeploymentPostprocessing = 0;
		};
		BF1149BE30213E47009EAE85 /* Sources */ = {
			isa = PBXSourcesBuildPhase;
			buildActionMask = 2147483647;
			files = (
			);
			runOnlyForDeploymentPostprocessing = 0;
		};
		BF1149C830213E47009EAE85 /* Sources */ = {
			isa = PBXSourcesBuildPhase;
			buildActionMask = 2147483647;
			files = (
			);
			runOnlyForDeploymentPostprocessing = 0;
		};
/* End PBXSourcesBuildPhase section */

/* Begin PBXTargetDependency section */
		BF1149C430213E47009EAE85 /* PBXTargetDependency */ = {
			isa = PBXTargetDependency;
			target = BF1149B430213E46009EAE85 /* RootsFitness */;
			targetProxy = BF1149C330213E47009EAE85 /* PBXContainerItemProxy */;
		};
		BF1149CE30213E47009EAE85 /* PBXTargetDependency */ = {
			isa = PBXTargetDependency;
			target = BF1149B430213E46009EAE85 /* RootsFitness */;
			targetProxy = BF1149CD30213E47009EAE85 /* PBXContainerItemProxy */;
		};
/* End PBXTargetDependency section */

/* Begin XCBuildConfiguration section */
		BF1149D430213E47009EAE85 /* Debug */ = {
			isa = XCBuildConfiguration;
			buildSettings = {
				ALWAYS_SEARCH_USER_PATHS = NO;
				ASSETCATALOG_COMPILER_GENERATE_SWIFT_ASSET_SYMBOL_EXTENSIONS = YES;
				CLANG_ANALYZER_NONNULL = YES;
				CLANG_ANALYZER_NUMBER_OBJECT_CONVERSION = YES_AGGRESSIVE;
				CLANG_CXX_LANGUAGE_STANDARD = "gnu++20";
				CLANG_ENABLE_MODULES = YES;
				CLANG_ENABLE_OBJC_ARC = YES;
				CLANG_ENABLE_OBJC_WEAK = YES;
				CLANG_WARN_BLOCK_CAPTURE_AUTORELEASING = YES;
				CLANG_WARN_BOOL_CONVERSION = YES;
				CLANG_WARN_COMMA = YES;
				CLANG_WARN_CONSTANT_CONVERSION = YES;
				CLANG_WARN_DEPRECATED_OBJC_IMPLEMENTATIONS = YES;
				CLANG_WARN_DIRECT_OBJC_ISA_USAGE = YES_ERROR;
				CLANG_WARN_DOCUMENTATION_COMMENTS = YES;
				CLANG_WARN_EMPTY_BODY = YES;
				CLANG_WARN_ENUM_CONVERSION = YES;
				CLANG_WARN_INFINITE_RECURSION = YES;
				CLANG_WARN_INT_CONVERSION = YES;
				CLANG_WARN_NON_LITERAL_NULL_CONVERSION = YES;
				CLANG_WARN_OBJC_IMPLICIT_RETAIN_SELF = YES;
				CLANG_WARN_OBJC_LITERAL_CONVERSION = YES;
				CLANG_WARN_OBJC_ROOT_CLASS = YES_ERROR;
				CLANG_WARN_QUOTED_INCLUDE_IN_FRAMEWORK_HEADER = YES;
				CLANG_WARN_RANGE_LOOP_ANALYSIS = YES;
				CLANG_WARN_STRICT_PROTOTYPES = YES;
				CLANG_WARN_SUSPICIOUS_MOVE = YES;
				CLANG_WARN_UNGUARDED_AVAILABILITY = YES_AGGRESSIVE;
				CLANG_WARN_UNREACHABLE_CODE = YES;
				CLANG_WARN__DUPLICATE_METHOD_MATCH = YES;
				COPY_PHASE_STRIP = NO;
				DEBUG_INFORMATION_FORMAT = dwarf;
				DEVELOPMENT_TEAM = C3M2D5283L;
				ENABLE_STRICT_OBJC_MSGSEND = YES;
				ENABLE_TESTABILITY = YES;
				ENABLE_USER_SCRIPT_SANDBOXING = YES;
				GCC_C_LANGUAGE_STANDARD = gnu17;
				GCC_DYNAMIC_NO_PIC = NO;
				GCC_NO_COMMON_BLOCKS = YES;
				GCC_OPTIMIZATION_LEVEL = 0;
				GCC_PREPROCESSOR_DEFINITIONS = (
					"DEBUG=1",
					"$(inherited)",
				);
				GCC_WARN_64_TO_32_BIT_CONVERSION = YES;
				GCC_WARN_ABOUT_RETURN_TYPE = YES_ERROR;
				GCC_WARN_UNDECLARED_SELECTOR = YES;
				GCC_WARN_UNINITIALIZED_AUTOS = YES_AGGRESSIVE;
				GCC_WARN_UNUSED_FUNCTION = YES;
				GCC_WARN_UNUSED_VARIABLE = YES;
				IPHONEOS_DEPLOYMENT_TARGET = 18.0;
				LOCALIZATION_PREFERS_STRING_CATALOGS = YES;
				MTL_ENABLE_DEBUG_INFO = INCLUDE_SOURCE;
				MTL_FAST_MATH = YES;
				ONLY_ACTIVE_ARCH = YES;
				SDKROOT = iphoneos;
				SWIFT_ACTIVE_COMPILATION_CONDITIONS = "DEBUG $(inherited)";
				SWIFT_OPTIMIZATION_LEVEL = "-Onone";
			};
			name = Debug;
		};
		BF1149D530213E47009EAE85 /* Release */ = {
			isa = XCBuildConfiguration;
			buildSettings = {
				ALWAYS_SEARCH_USER_PATHS = NO;
				ASSETCATALOG_COMPILER_GENERATE_SWIFT_ASSET_SYMBOL_EXTENSIONS = YES;
				CLANG_ANALYZER_NONNULL = YES;
				CLANG_ANALYZER_NUMBER_OBJECT_CONVERSION = YES_AGGRESSIVE;
				CLANG_CXX_LANGUAGE_STANDARD = "gnu++20";
				CLANG_ENABLE_MODULES = YES;
				CLANG_ENABLE_OBJC_ARC = YES;
				CLANG_ENABLE_OBJC_WEAK = YES;
				CLANG_WARN_BLOCK_CAPTURE_AUTORELEASING = YES;
				CLANG_WARN_BOOL_CONVERSION = YES;
				CLANG_WARN_COMMA = YES;
				CLANG_WARN_CONSTANT_CONVERSION = YES;
				CLANG_WARN_DEPRECATED_OBJC_IMPLEMENTATIONS = YES;
				CLANG_WARN_DIRECT_OBJC_ISA_USAGE = YES_ERROR;
				CLANG_WARN_DOCUMENTATION_COMMENTS = YES;
				CLANG_WARN_EMPTY_BODY = YES;
				CLANG_WARN_ENUM_CONVERSION = YES;
				CLANG_WARN_INFINITE_RECURSION = YES;
				CLANG_WARN_INT_CONVERSION = YES;
				CLANG_WARN_NON_LITERAL_NULL_CONVERSION = YES;
				CLANG_WARN_OBJC_IMPLICIT_RETAIN_SELF = YES;
				CLANG_WARN_OBJC_LITERAL_CONVERSION = YES;
				CLANG_WARN_OBJC_ROOT_CLASS = YES_ERROR;
				CLANG_WARN_QUOTED_INCLUDE_IN_FRAMEWORK_HEADER = YES;
				CLANG_WARN_RANGE_LOOP_ANALYSIS = YES;
				CLANG_WARN_STRICT_PROTOTYPES = YES;
				CLANG_WARN_SUSPICIOUS_MOVE = YES;
				CLANG_WARN_UNGUARDED_AVAILABILITY = YES_AGGRESSIVE;
				CLANG_WARN_UNREACHABLE_CODE = YES;
				CLANG_WARN__DUPLICATE_METHOD_MATCH = YES;
				COPY_PHASE_STRIP = NO;
				DEBUG_INFORMATION_FORMAT = "dwarf-with-dsym";
				DEVELOPMENT_TEAM = C3M2D5283L;
				ENABLE_NS_ASSERTIONS = NO;
				ENABLE_STRICT_OBJC_MSGSEND = YES;
				ENABLE_USER_SCRIPT_SANDBOXING = YES;
				GCC_C_LANGUAGE_STANDARD = gnu17;
				GCC_NO_COMMON_BLOCKS = YES;
				GCC_WARN_64_TO_32_BIT_CONVERSION = YES;
				GCC_WARN_ABOUT_RETURN_TYPE = YES_ERROR;
				GCC_WARN_UNDECLARED_SELECTOR = YES;
				GCC_WARN_UNINITIALIZED_AUTOS = YES_AGGRESSIVE;
				GCC_WARN_UNUSED_FUNCTION = YES;
				GCC_WARN_UNUSED_VARIABLE = YES;
				IPHONEOS_DEPLOYMENT_TARGET = 18.0;
				LOCALIZATION_PREFERS_STRING_CATALOGS = YES;
				MTL_ENABLE_DEBUG_INFO = NO;
				MTL_FAST_MATH = YES;
				SDKROOT = iphoneos;
				SWIFT_COMPILATION_MODE = wholemodule;
				VALIDATE_PRODUCT = YES;
			};
			name = Release;
		};
		BF1149D730213E47009EAE85 /* Debug */ = {
			isa = XCBuildConfiguration;
			baseConfigurationReference = BF2A0004A0213E47009EAE85 /* Secrets.xcconfig */;
			buildSettings = {
				ASSETCATALOG_COMPILER_APPICON_NAME = AppIcon;
				ASSETCATALOG_COMPILER_GLOBAL_ACCENT_COLOR_NAME = AccentColor;
				CODE_SIGN_ENTITLEMENTS = RootsFitness/RootsFitness.entitlements;
				CODE_SIGN_STYLE = Automatic;
				CURRENT_PROJECT_VERSION = 1;
				DEVELOPMENT_TEAM = C3M2D5283L;
				ENABLE_PREVIEWS = YES;
				INFOPLIST_FILE = RootsFitness/Info.plist;
				LD_RUNPATH_SEARCH_PATHS = (
					"$(inherited)",
					"@executable_path/Frameworks",
				);
				MARKETING_VERSION = 1.0;
				PRODUCT_BUNDLE_IDENTIFIER = Personal.RootsFitness;
				PRODUCT_BUNDLE_PACKAGE_TYPE = APPL;
				PRODUCT_NAME = "$(TARGET_NAME)";
				STRING_CATALOG_GENERATE_SYMBOLS = YES;
				SWIFT_APPROACHABLE_CONCURRENCY = YES;
				SWIFT_DEFAULT_ACTOR_ISOLATION = MainActor;
				SWIFT_EMIT_LOC_STRINGS = YES;
				SWIFT_UPCOMING_FEATURE_MEMBER_IMPORT_VISIBILITY = YES;
				SWIFT_VERSION = 5.0;
				TARGETED_DEVICE_FAMILY = "1,2";
			};
			name = Debug;
		};
		BF1149D830213E47009EAE85 /* Release */ = {
			isa = XCBuildConfiguration;
			baseConfigurationReference = BF2A0004A0213E47009EAE85 /* Secrets.xcconfig */;
			buildSettings = {
				ASSETCATALOG_COMPILER_APPICON_NAME = AppIcon;
				ASSETCATALOG_COMPILER_GLOBAL_ACCENT_COLOR_NAME = AccentColor;
				CODE_SIGN_ENTITLEMENTS = RootsFitness/RootsFitness.entitlements;
				CODE_SIGN_STYLE = Automatic;
				CURRENT_PROJECT_VERSION = 1;
				DEVELOPMENT_TEAM = C3M2D5283L;
				ENABLE_PREVIEWS = YES;
				INFOPLIST_FILE = RootsFitness/Info.plist;
				LD_RUNPATH_SEARCH_PATHS = (
					"$(inherited)",
					"@executable_path/Frameworks",
				);
				MARKETING_VERSION = 1.0;
				PRODUCT_BUNDLE_IDENTIFIER = Personal.RootsFitness;
				PRODUCT_BUNDLE_PACKAGE_TYPE = APPL;
				PRODUCT_NAME = "$(TARGET_NAME)";
				STRING_CATALOG_GENERATE_SYMBOLS = YES;
				SWIFT_APPROACHABLE_CONCURRENCY = YES;
				SWIFT_DEFAULT_ACTOR_ISOLATION = MainActor;
				SWIFT_EMIT_LOC_STRINGS = YES;
				SWIFT_UPCOMING_FEATURE_MEMBER_IMPORT_VISIBILITY = YES;
				SWIFT_VERSION = 5.0;
				TARGETED_DEVICE_FAMILY = "1,2";
			};
			name = Release;
		};
		BF1149DA30213E47009EAE85 /* Debug */ = {
			isa = XCBuildConfiguration;
			buildSettings = {
				BUNDLE_LOADER = "$(TEST_HOST)";
				CODE_SIGN_STYLE = Automatic;
				CURRENT_PROJECT_VERSION = 1;
				DEVELOPMENT_TEAM = C3M2D5283L;
				GENERATE_INFOPLIST_FILE = YES;
				IPHONEOS_DEPLOYMENT_TARGET = 18.0;
				MARKETING_VERSION = 1.0;
				PRODUCT_BUNDLE_IDENTIFIER = Personal.RootsFitnessTests;
				PRODUCT_NAME = "$(TARGET_NAME)";
				STRING_CATALOG_GENERATE_SYMBOLS = NO;
				SWIFT_APPROACHABLE_CONCURRENCY = YES;
				SWIFT_EMIT_LOC_STRINGS = NO;
				SWIFT_UPCOMING_FEATURE_MEMBER_IMPORT_VISIBILITY = YES;
				SWIFT_VERSION = 5.0;
				TARGETED_DEVICE_FAMILY = "1,2";
				TEST_HOST = "$(BUILT_PRODUCTS_DIR)/RootsFitness.app/$(BUNDLE_EXECUTABLE_FOLDER_PATH)/RootsFitness";
			};
			name = Debug;
		};
		BF1149DB30213E47009EAE85 /* Release */ = {
			isa = XCBuildConfiguration;
			buildSettings = {
				BUNDLE_LOADER = "$(TEST_HOST)";
				CODE_SIGN_STYLE = Automatic;
				CURRENT_PROJECT_VERSION = 1;
				DEVELOPMENT_TEAM = C3M2D5283L;
				GENERATE_INFOPLIST_FILE = YES;
				IPHONEOS_DEPLOYMENT_TARGET = 18.0;
				MARKETING_VERSION = 1.0;
				PRODUCT_BUNDLE_IDENTIFIER = Personal.RootsFitnessTests;
				PRODUCT_NAME = "$(TARGET_NAME)";
				STRING_CATALOG_GENERATE_SYMBOLS = NO;
				SWIFT_APPROACHABLE_CONCURRENCY = YES;
				SWIFT_EMIT_LOC_STRINGS = NO;
				SWIFT_UPCOMING_FEATURE_MEMBER_IMPORT_VISIBILITY = YES;
				SWIFT_VERSION = 5.0;
				TARGETED_DEVICE_FAMILY = "1,2";
				TEST_HOST = "$(BUILT_PRODUCTS_DIR)/RootsFitness.app/$(BUNDLE_EXECUTABLE_FOLDER_PATH)/RootsFitness";
			};
			name = Release;
		};
		BF1149DD30213E47009EAE85 /* Debug */ = {
			isa = XCBuildConfiguration;
			buildSettings = {
				CODE_SIGN_STYLE = Automatic;
				CURRENT_PROJECT_VERSION = 1;
				DEVELOPMENT_TEAM = C3M2D5283L;
				GENERATE_INFOPLIST_FILE = YES;
				MARKETING_VERSION = 1.0;
				PRODUCT_BUNDLE_IDENTIFIER = Personal.RootsFitnessUITests;
				PRODUCT_NAME = "$(TARGET_NAME)";
				STRING_CATALOG_GENERATE_SYMBOLS = NO;
				SWIFT_APPROACHABLE_CONCURRENCY = YES;
				SWIFT_EMIT_LOC_STRINGS = NO;
				SWIFT_UPCOMING_FEATURE_MEMBER_IMPORT_VISIBILITY = YES;
				SWIFT_VERSION = 5.0;
				TARGETED_DEVICE_FAMILY = "1,2";
				TEST_TARGET_NAME = RootsFitness;
			};
			name = Debug;
		};
		BF1149DE30213E47009EAE85 /* Release */ = {
			isa = XCBuildConfiguration;
			buildSettings = {
				CODE_SIGN_STYLE = Automatic;
				CURRENT_PROJECT_VERSION = 1;
				DEVELOPMENT_TEAM = C3M2D5283L;
				GENERATE_INFOPLIST_FILE = YES;
				MARKETING_VERSION = 1.0;
				PRODUCT_BUNDLE_IDENTIFIER = Personal.RootsFitnessUITests;
				PRODUCT_NAME = "$(TARGET_NAME)";
				STRING_CATALOG_GENERATE_SYMBOLS = NO;
				SWIFT_APPROACHABLE_CONCURRENCY = YES;
				SWIFT_EMIT_LOC_STRINGS = NO;
				SWIFT_UPCOMING_FEATURE_MEMBER_IMPORT_VISIBILITY = YES;
				SWIFT_VERSION = 5.0;
				TARGETED_DEVICE_FAMILY = "1,2";
				TEST_TARGET_NAME = RootsFitness;
			};
			name = Release;
		};
/* End XCBuildConfiguration section */

/* Begin XCConfigurationList section */
		BF1149B030213E46009EAE85 /* Build configuration list for PBXProject "RootsFitness" */ = {
			isa = XCConfigurationList;
			buildConfigurations = (
				BF1149D430213E47009EAE85 /* Debug */,
				BF1149D530213E47009EAE85 /* Release */,
			);
			defaultConfigurationIsVisible = 0;
			defaultConfigurationName = Release;
		};
		BF1149D630213E47009EAE85 /* Build configuration list for PBXNativeTarget "RootsFitness" */ = {
			isa = XCConfigurationList;
			buildConfigurations = (
				BF1149D730213E47009EAE85 /* Debug */,
				BF1149D830213E47009EAE85 /* Release */,
			);
			defaultConfigurationIsVisible = 0;
			defaultConfigurationName = Release;
		};
		BF1149D930213E47009EAE85 /* Build configuration list for PBXNativeTarget "RootsFitnessTests" */ = {
			isa = XCConfigurationList;
			buildConfigurations = (
				BF1149DA30213E47009EAE85 /* Debug */,
				BF1149DB30213E47009EAE85 /* Release */,
			);
			defaultConfigurationIsVisible = 0;
			defaultConfigurationName = Release;
		};
		BF1149DC30213E47009EAE85 /* Build configuration list for PBXNativeTarget "RootsFitnessUITests" */ = {
			isa = XCConfigurationList;
			buildConfigurations = (
				BF1149DD30213E47009EAE85 /* Debug */,
				BF1149DE30213E47009EAE85 /* Release */,
			);
			defaultConfigurationIsVisible = 0;
			defaultConfigurationName = Release;
		};
/* End XCConfigurationList section */

/* Begin XCRemoteSwiftPackageReference section */
		BF2A0003A0213E47009EAE85 /* XCRemoteSwiftPackageReference "supabase-swift" */ = {
			isa = XCRemoteSwiftPackageReference;
			repositoryURL = "https://github.com/supabase/supabase-swift";
			requirement = {
				kind = upToNextMajorVersion;
				minimumVersion = 2.0.0;
			};
		};
/* End XCRemoteSwiftPackageReference section */

/* Begin XCSwiftPackageProductDependency section */
		BF2A0002A0213E47009EAE85 /* Supabase */ = {
			isa = XCSwiftPackageProductDependency;
			package = BF2A0003A0213E47009EAE85 /* XCRemoteSwiftPackageReference "supabase-swift" */;
			productName = Supabase;
		};
/* End XCSwiftPackageProductDependency section */
	};
	rootObject = BF1149AD30213E46009EAE85 /* Project object */;
}
